
Microsoft Visual Studio Solution File, Format Version 12.00
# Visual Studio Version 16
VisualStudioVersion = 16.0.31402.337
MinimumVisualStudioVersion = 10.0.40219.1
Project("{FAE04EC0-301F-11D3-BF4B-00C04F79EFBC}") = "TestAtean", "TestAtean\TestAtean.csproj", "{9AC55CCF-0C2B-4202-9F64-37B63B45A11C}"
EndProject
Global
	GlobalSection(SolutionConfigurationPlatforms) = preSolution
		Debug|Any CPU = Debug|Any CPU
		Release|Any CPU = Release|Any CPU
	EndGlobalSection
	GlobalSection(ProjectConfigurationPlatforms) = postSolution
		{9AC55CCF-0C2B-4202-9F64-37B63B45A11C}.Debug|Any CPU.ActiveCfg = Debug|Any CPU
		{9AC55CCF-0C2B-4202-9F64-37B63B45A11C}.Debug|Any CPU.Build.0 = Debug|Any CPU
		{9AC55CCF-0C2B-4202-9F64-37B63B45A11C}.Release|Any CPU.ActiveCfg = Release|Any CPU
		{9AC55CCF-0C2B-4202-9F64-37B63B45A11C}.Release|Any CPU.Build.0 = Release|Any CPU
	EndGlobalSection
	GlobalSection(SolutionProperties) = preSolution
		HideSolutionNode = FALSE
	EndGlobalSection
	GlobalSection(ExtensibilityGlobals) = postSolution
		SolutionGuid = {42B5EE6C-F623-4234-BB43-FF4B72F5B9FF}
	EndGlobalSection
EndGlobal
